
Microsoft Visual Studio Solution File, Format Version 12.00
# Visual Studio Version 16
VisualStudioVersion = 16.0.31005.135
MinimumVisualStudioVersion = 10.0.40219.1
Project("{FAE04EC0-301F-11D3-BF4B-00C04F79EFBC}") = "Sales system2", "Sales system2\Sales system2.csproj", "{F8C76250-6C00-4F3A-A1AA-E1AD2F92FC84}"
EndProject
Global
	GlobalSection(SolutionConfigurationPlatforms) = preSolution
		Debug|Any CPU = Debug|Any CPU
		Release|Any CPU = Release|Any CPU
	EndGlobalSection
	GlobalSection(ProjectConfigurationPlatforms) = postSolution
		{F8C76250-6C00-4F3A-A1AA-E1AD2F92FC84}.Debug|Any CPU.ActiveCfg = Debug|Any CPU
		{F8C76250-6C00-4F3A-A1AA-E1AD2F92FC84}.Debug|Any CPU.Build.0 = Debug|Any CPU
		{F8C76250-6C00-4F3A-A1AA-E1AD2F92FC84}.Release|Any CPU.ActiveCfg = Release|Any CPU
		{F8C76250-6C00-4F3A-A1AA-E1AD2F92FC84}.Release|Any CPU.Build.0 = Release|Any CPU
	EndGlobalSection
	GlobalSection(SolutionProperties) = preSolution
		HideSolutionNode = FALSE
	EndGlobalSection
	GlobalSection(ExtensibilityGlobals) = postSolution
		SolutionGuid = {CC7D40C3-A5C7-4F89-943D-7C697057488A}
	EndGlobalSection
EndGlobal
